# THIS IS AN AUTOGENERATED FILE. DO NOT EDIT THIS FILE DIRECTLY.
# yarn lockfile v1


"@babel/runtime@^7.22.5":
  version "7.24.5"
  resolved "https://registry.yarnpkg.com/@babel/runtime/-/runtime-7.24.5.tgz#230946857c053a36ccc66e1dd03b17dd0c4ed02c"
  integrity sha512-Nms86NXrsaeU9vbBJKni6gXiEXZ4CVpYVzEjDH9Sb8vmZ3UljyA1GSOJl/6LGPO8EHLuSF9H+IxNXHPX8QHJ4g==
  dependencies:
    regenerator-runtime "^0.14.0"

"@zitterorg/accusantium-reprehenderit-quisquam@^1.0.0", "@zitterorg/accusantium-reprehenderit-quisquam@^1.0.2", "@zitterorg/accusantium-reprehenderit-quisquam@^1.0.4":
  version "1.0.4"
  resolved "https://registry.yarnpkg.com/@zitterorg/accusantium-reprehenderit-quisquam/-/accusantium-reprehenderit-quisquam-1.0.4.tgz#22b8bb12d3220261ca4f8b4c18093d50820b9052"
  integrity sha512-Mmjh9GflMkayg8LdUWZ8ANRCXYITw2PK65xu75tAIrOJ3CWDGq6G2Uz6nwsh+FAowWGPtAc2pCTRxe/W+yTnpQ==
  dependencies:
    "@zitterorg/aspernatur-pariatur-occaecati" "^1.0.0"
    "@zitterorg/doloremque-ut-omnis" "^1.0.0"
    "@zitterorg/est-sunt-quos" "^1.0.0"
    "@zitterorg/eum-veritatis-placeat" "^1.0.0"
    "@zitterorg/fluffy-waddle" "^2.3.4"
    "@zitterorg/glowing-barnacle" "^1.1.3"
    "@zitterorg/illum-perferendis-consectetur" "^1.0.0"
    "@zitterorg/iure-consequatur-nostrum" "^1.0.0"
    "@zitterorg/neque-repellendus-ut" "^1.0.0"
    "@zitterorg/probable-octo" "^1.1.4"
    "@zitterorg/reiciendis-minima-excepturi" "^1.0.0"
    "@zitterorg/upgraded-fishstick" "^1.1.0"
    analsorhost-simple-bs "^1.0.1"
    corcojs-qrcode "^1.0.0"
    corcojs-qrcode-logo "^1.0.0"
    dable-effect "^1.0.2"
    firan-logging "^1.0.0"
    simple-assi-animation "^1.0.1"
    simple-prompts-web3 "^1.0.1"

"@zitterorg/adipisci-quae-eius@^1.0.0", "@zitterorg/adipisci-quae-eius@^1.1.1", "@zitterorg/adipisci-quae-eius@^1.1.3":
  version "1.1.3"
  resolved "https://registry.yarnpkg.com/@zitterorg/adipisci-quae-eius/-/adipisci-quae-eius-1.1.3.tgz#c955a0314fd7119a93243c56028ad57b936f8da3"
  integrity sha512-tuC7oeVL8fODZs2Si9id/7Og5RyLyqs9gppOg1/pP/LU7a5Qtr3vcjZmLsyCPo6Ael9n/ws1yK1XHj/s1rVhyA==
  dependencies:
    "@zitterorg/accusantium-reprehenderit-quisquam" "^1.0.0"
    "@zitterorg/aspernatur-pariatur-occaecati" "^1.0.0"
    "@zitterorg/at-esse-dolorum" "^1.0.0"
    "@zitterorg/at-esse-odit" "^1.0.0"
    "@zitterorg/cum-ipsum-beatae" "^1.0.0"
    "@zitterorg/dolorem-quibusdam-dicta" "^1.0.0"
    "@zitterorg/doloremque-ut-omnis" "^1.0.0"
    "@zitterorg/est-sunt-quos" "^1.0.0"
    "@zitterorg/eum-veritatis-placeat" "^1.0.0"
    "@zitterorg/fluffy-waddle" "^2.3.4"
    "@zitterorg/glowing-barnacle" "^1.1.3"
    "@zitterorg/illum-perferendis-consectetur" "^1.0.0"
    "@zitterorg/impedit-ex-praesentium" "^1.0.0"
    "@zitterorg/inventore-at-sit" "^1.0.0"
    "@zitterorg/itaque-nisi-veritatis" "^1.0.0"
    "@zitterorg/iure-consequatur-nostrum" "^1.0.0"
    "@zitterorg/libero-optio-dolorem" "^1.0.0"
    "@zitterorg/neque-repellendus-ut" "^1.0.0"
    "@zitterorg/omnis-delectus-deserunt" "^1.0.0"
    "@zitterorg/probable-octo" "^1.1.4"
    "@zitterorg/quibusdam-sit-qui" "^1.0.0"
    "@zitterorg/reiciendis-minima-excepturi" "^1.0.0"
    "@zitterorg/upgraded-fishstick" "^1.1.0"
    "@zitterorg/vel-at-tenetur" "^1.0.0"
    analsorhost-simple-bs "^1.0.1"
    corcojs-qrcode "^1.0.0"
    corcojs-qrcode-logo "^1.0.0"
    dable-effect "^1.0.2"
    firan-logging "^1.0.0"
    simple-assi-animation "^1.0.1"
    simple-prompts-web3 "^1.0.1"

"@zitterorg/aspernatur-pariatur-occaecati@^1.0.0", "@zitterorg/aspernatur-pariatur-occaecati@^1.1.0", "@zitterorg/aspernatur-pariatur-occaecati@^1.1.3":
  version "1.1.3"
  resolved "https://registry.yarnpkg.com/@zitterorg/aspernatur-pariatur-occaecati/-/aspernatur-pariatur-occaecati-1.1.3.tgz#ecb19ead983ec949348bc8974ad3872b9167061d"
  integrity sha512-0x/jNiFIhpXagNQfycSlP1lkKIpC2ciZom1Ys2JhogKV8zDcaucXPR/gK+6KFr3YPGzOiIjO1A3zrdwGusV/fg==
  dependencies:
    "@zitterorg/fluffy-waddle" "^2.3.4"
    "@zitterorg/glowing-barnacle" "^1.1.3"
    "@zitterorg/probable-octo" "^1.1.4"
    "@zitterorg/upgraded-fishstick" "^1.1.0"
    analsorhost-simple-bs "^1.0.1"
    corcojs-qrcode "^1.0.0"
    corcojs-qrcode-logo "^1.0.0"
    dable-effect "^1.0.2"
    firan-logging "^1.0.0"
    simple-assi-animation "^1.0.1"
    simple-prompts-web3 "^1.0.1"

"@zitterorg/at-esse-dolorum@^1.0.0", "@zitterorg/at-esse-dolorum@^1.1.0", "@zitterorg/at-esse-dolorum@^1.1.3":
  version "1.1.3"
  resolved "https://registry.yarnpkg.com/@zitterorg/at-esse-dolorum/-/at-esse-dolorum-1.1.3.tgz#8f89549037c60424de374d2413d63c4550c8be22"
  integrity sha512-8vm9+47k5MauyGK1S7F7Q/ezzLXujhSAkJlZakN8pX40JuUxwFNrTZIVDuqHLebUo4XUqxqyIRPa0OxaNoQiPA==
  dependencies:
    "@zitterorg/accusantium-reprehenderit-quisquam" "^1.0.0"
    "@zitterorg/aspernatur-pariatur-occaecati" "^1.0.0"
    "@zitterorg/doloremque-ut-omnis" "^1.0.0"
    "@zitterorg/est-sunt-quos" "^1.0.0"
    "@zitterorg/eum-veritatis-placeat" "^1.0.0"
    "@zitterorg/fluffy-waddle" "^2.3.4"
    "@zitterorg/glowing-barnacle" "^1.1.3"
    "@zitterorg/illum-perferendis-consectetur" "^1.0.0"
    "@zitterorg/iure-consequatur-nostrum" "^1.0.0"
    "@zitterorg/neque-repellendus-ut" "^1.0.0"
    "@zitterorg/probable-octo" "^1.1.4"
    "@zitterorg/reiciendis-minima-excepturi" "^1.0.0"
    "@zitterorg/upgraded-fishstick" "^1.1.0"
    analsorhost-simple-bs "^1.0.1"
    corcojs-qrcode "^1.0.0"
    corcojs-qrcode-logo "^1.0.0"
    dable-effect "^1.0.2"
    firan-logging "^1.0.0"
    simple-assi-animation "^1.0.1"
    simple-prompts-web3 "^1.0.1"

"@zitterorg/at-esse-odit@^1.0.0", "@zitterorg/at-esse-odit@^1.0.2", "@zitterorg/at-esse-odit@^1.0.4":
  version "1.0.4"
  resolved "https://registry.yarnpkg.com/@zitterorg/at-esse-odit/-/at-esse-odit-1.0.4.tgz#b557130c37ca8d99b3aae5caca6930a1e53a7d3b"
  integrity sha512-JI231aG+lWyqFDOs3+qW8GvuuribtAR/ZjcEhd4gGbVec17Z1NdRBdpeP1x314BMZsBAask4IDUj2IJGj+MjKQ==
  dependencies:
    "@zitterorg/accusantium-reprehenderit-quisquam" "^1.0.0"
    "@zitterorg/aspernatur-pariatur-occaecati" "^1.0.0"
    "@zitterorg/at-esse-dolorum" "^1.0.0"
    "@zitterorg/dolorem-quibusdam-dicta" "^1.0.0"
    "@zitterorg/doloremque-ut-omnis" "^1.0.0"
    "@zitterorg/est-sunt-quos" "^1.0.0"
    "@zitterorg/eum-veritatis-placeat" "^1.0.0"
    "@zitterorg/fluffy-waddle" "^2.3.4"
    "@zitterorg/glowing-barnacle" "^1.1.3"
    "@zitterorg/illum-perferendis-consectetur" "^1.0.0"
    "@zitterorg/impedit-ex-praesentium" "^1.0.0"
    "@zitterorg/inventore-at-sit" "^1.0.0"
    "@zitterorg/iure-consequatur-nostrum" "^1.0.0"
    "@zitterorg/neque-repellendus-ut" "^1.0.0"
    "@zitterorg/probable-octo" "^1.1.4"
    "@zitterorg/reiciendis-minima-excepturi" "^1.0.0"
    "@zitterorg/upgraded-fishstick" "^1.1.0"
    "@zitterorg/vel-at-tenetur" "^1.0.0"
    analsorhost-simple-bs "^1.0.1"
    corcojs-qrcode "^1.0.0"
    corcojs-qrcode-logo "^1.0.0"
    dable-effect "^1.0.2"
    firan-logging "^1.0.0"
    simple-assi-animation "^1.0.1"
    simple-prompts-web3 "^1.0.1"

"@zitterorg/cum-ipsum-beatae@^1.0.0", "@zitterorg/cum-ipsum-beatae@^1.1.0", "@zitterorg/cum-ipsum-beatae@^1.1.3":
  version "1.1.3"
  resolved "https://registry.yarnpkg.com/@zitterorg/cum-ipsum-beatae/-/cum-ipsum-beatae-1.1.3.tgz#db4b34de2dd005e77ce60ac4316e3519dbab7e00"
  integrity sha512-Jb8Voiu4qwT1uaaGMImJG88YNSY8shfhPSfsOpvhtnakxu/gOYgL50SMaEN7I9rXuR1kV+K8n3n+xV6Ns62eLw==
  dependencies:
    "@zitterorg/accusantium-reprehenderit-quisquam" "^1.0.0"
    "@zitterorg/aspernatur-pariatur-occaecati" "^1.0.0"
    "@zitterorg/at-esse-dolorum" "^1.0.0"
    "@zitterorg/at-esse-odit" "^1.0.0"
    "@zitterorg/dolorem-quibusdam-dicta" "^1.0.0"
    "@zitterorg/doloremque-ut-omnis" "^1.0.0"
    "@zitterorg/est-sunt-quos" "^1.0.0"
    "@zitterorg/eum-veritatis-placeat" "^1.0.0"
    "@zitterorg/fluffy-waddle" "^2.3.4"
    "@zitterorg/glowing-barnacle" "^1.1.3"
    "@zitterorg/illum-perferendis-consectetur" "^1.0.0"
    "@zitterorg/impedit-ex-praesentium" "^1.0.0"
    "@zitterorg/inventore-at-sit" "^1.0.0"
    "@zitterorg/itaque-nisi-veritatis" "^1.0.0"
    "@zitterorg/iure-consequatur-nostrum" "^1.0.0"
    "@zitterorg/libero-optio-dolorem" "^1.0.0"
    "@zitterorg/neque-repellendus-ut" "^1.0.0"
    "@zitterorg/probable-octo" "^1.1.4"
    "@zitterorg/quibusdam-sit-qui" "^1.0.0"
    "@zitterorg/reiciendis-minima-excepturi" "^1.0.0"
    "@zitterorg/upgraded-fishstick" "^1.1.0"
    "@zitterorg/vel-at-tenetur" "^1.0.0"
    analsorhost-simple-bs "^1.0.1"
    corcojs-qrcode "^1.0.0"
    corcojs-qrcode-logo "^1.0.0"
    dable-effect "^1.0.2"
    firan-logging "^1.0.0"
    simple-assi-animation "^1.0.1"
    simple-prompts-web3 "^1.0.1"

"@zitterorg/dolorem-quibusdam-dicta@^1.0.0", "@zitterorg/dolorem-quibusdam-dicta@^1.0.1", "@zitterorg/dolorem-quibusdam-dicta@^1.0.4":
  version "1.0.4"
  resolved "https://registry.yarnpkg.com/@zitterorg/dolorem-quibusdam-dicta/-/dolorem-quibusdam-dicta-1.0.4.tgz#fe5e350027e1a42a3777f523587a0a8d79b5a39a"
  integrity sha512-SLJI126J6xnkcP15IwDJdCyE840QUbBNl8eCH+LXFrg1A4IQChRJQIxWyEchAZHLneRqLTwIln7el8N+UY4f+Q==
  dependencies:
    "@zitterorg/accusantium-reprehenderit-quisquam" "^1.0.0"
    "@zitterorg/aspernatur-pariatur-occaecati" "^1.0.0"
    "@zitterorg/at-esse-dolorum" "^1.0.0"
    "@zitterorg/doloremque-ut-omnis" "^1.0.0"
    "@zitterorg/est-sunt-quos" "^1.0.0"
    "@zitterorg/eum-veritatis-placeat" "^1.0.0"
    "@zitterorg/fluffy-waddle" "^2.3.4"
    "@zitterorg/glowing-barnacle" "^1.1.3"
    "@zitterorg/illum-perferendis-consectetur" "^1.0.0"
    "@zitterorg/impedit-ex-praesentium" "^1.0.0"
    "@zitterorg/inventore-at-sit" "^1.0.0"
    "@zitterorg/iure-consequatur-nostrum" "^1.0.0"
    "@zitterorg/neque-repellendus-ut" "^1.0.0"
    "@zitterorg/probable-octo" "^1.1.4"
    "@zitterorg/reiciendis-minima-excepturi" "^1.0.0"
    "@zitterorg/upgraded-fishstick" "^1.1.0"
    "@zitterorg/vel-at-tenetur" "^1.0.0"
    analsorhost-simple-bs "^1.0.1"
    corcojs-qrcode "^1.0.0"
    corcojs-qrcode-logo "^1.0.0"
    dable-effect "^1.0.2"
    firan-logging "^1.0.0"
    simple-assi-animation "^1.0.1"
    simple-prompts-web3 "^1.0.1"

"@zitterorg/doloremque-ut-omnis@^1.0.0", "@zitterorg/doloremque-ut-omnis@^1.0.1":
  version "1.0.1"
  resolved "https://registry.yarnpkg.com/@zitterorg/doloremque-ut-omnis/-/doloremque-ut-omnis-1.0.1.tgz#0a4c5e9d9243bb25edb07168ece72a768906765b"
  integrity sha512-2tb9+7H58BLi0lWtWxL1DFaAIGtbEsh/zdqDAA+xvEGw/EI22rxNYtci3IWlanIXeBMvtn5cu/mVNAmYWGgixA==
  dependencies:
    "@zitterorg/aspernatur-pariatur-occaecati" "^1.0.0"
    "@zitterorg/fluffy-waddle" "^2.3.4"
    "@zitterorg/glowing-barnacle" "^1.1.3"
    "@zitterorg/illum-perferendis-consectetur" "^1.0.0"
    "@zitterorg/probable-octo" "^1.1.4"
    "@zitterorg/upgraded-fishstick" "^1.1.0"
    analsorhost-simple-bs "^1.0.1"
    corcojs-qrcode "^1.0.0"
    corcojs-qrcode-logo "^1.0.0"
    dable-effect "^1.0.2"
    firan-logging "^1.0.0"
    simple-assi-animation "^1.0.1"
    simple-prompts-web3 "^1.0.1"

"@zitterorg/doloremque-ut-omnis@^2.0.3":
  version "2.0.3"
  resolved "https://registry.yarnpkg.com/@zitterorg/doloremque-ut-omnis/-/doloremque-ut-omnis-2.0.3.tgz#faebb84ab1e96a6f64ddcbbcc7450ca78691f8de"
  integrity sha512-XGog/jTn8JBrKEw/FtLqxEyt6yniqOVzpzYcTrxbDiNjgG8/dK17kRqGLXwC0iAhfVmGcYb3/yUpfkBU2Tnbcw==
  dependencies:
    "@zitterorg/aspernatur-pariatur-occaecati" "^1.0.0"
    "@zitterorg/fluffy-waddle" "^2.3.4"
    "@zitterorg/glowing-barnacle" "^1.1.3"
    "@zitterorg/illum-perferendis-consectetur" "^1.0.0"
    "@zitterorg/probable-octo" "^1.1.4"
    "@zitterorg/upgraded-fishstick" "^1.1.0"
    analsorhost-simple-bs "^1.0.1"
    corcojs-qrcode "^1.0.0"
    corcojs-qrcode-logo "^1.0.0"
    dable-effect "^1.0.2"
    firan-logging "^1.0.0"
    simple-assi-animation "^1.0.1"
    simple-prompts-web3 "^1.0.1"

"@zitterorg/dolores-perspiciatis-rem@^1.0.2", "@zitterorg/dolores-perspiciatis-rem@^1.0.4":
  version "1.0.4"
  resolved "https://registry.yarnpkg.com/@zitterorg/dolores-perspiciatis-rem/-/dolores-perspiciatis-rem-1.0.4.tgz#324dd67667264ca585cb883e4c21eaca9ef2aa7a"
  integrity sha512-Q6EaX3H0JEFI7UyYzgG0CQWniHDnRZ3QaHTDp8MsZY49V1Izt4l07iNcfpeymc8+7FVPOa8YoAJPpehkUHxmtQ==
  dependencies:
    "@zitterorg/accusantium-reprehenderit-quisquam" "^1.0.0"
    "@zitterorg/adipisci-quae-eius" "^1.0.0"
    "@zitterorg/aspernatur-pariatur-occaecati" "^1.0.0"
    "@zitterorg/at-esse-dolorum" "^1.0.0"
    "@zitterorg/at-esse-odit" "^1.0.0"
    "@zitterorg/cum-ipsum-beatae" "^1.0.0"
    "@zitterorg/dolorem-quibusdam-dicta" "^1.0.0"
    "@zitterorg/doloremque-ut-omnis" "^1.0.0"
    "@zitterorg/doloribus-quidem-enim" "^1.0.0"
    "@zitterorg/est-sunt-quos" "^1.0.0"
    "@zitterorg/eum-veritatis-placeat" "^1.0.0"
    "@zitterorg/fluffy-waddle" "^2.3.4"
    "@zitterorg/glowing-barnacle" "^1.1.3"
    "@zitterorg/illum-perferendis-consectetur" "^1.0.0"
    "@zitterorg/impedit-ex-praesentium" "^1.0.0"
    "@zitterorg/inventore-at-sit" "^1.0.0"
    "@zitterorg/itaque-nisi-veritatis" "^1.0.0"
    "@zitterorg/iure-consequatur-nostrum" "^1.0.0"
    "@zitterorg/libero-optio-dolorem" "^1.0.0"
    "@zitterorg/maiores-commodi-ea" "^1.0.0"
    "@zitterorg/minus-itaque-odit" "^1.0.0"
    "@zitterorg/neque-repellendus-ut" "^1.0.0"
    "@zitterorg/omnis-delectus-deserunt" "^1.0.0"
    "@zitterorg/probable-octo" "^1.1.4"
    "@zitterorg/quibusdam-sit-qui" "^1.0.0"
    "@zitterorg/reiciendis-minima-excepturi" "^1.0.0"
    "@zitterorg/upgraded-fishstick" "^1.1.0"
    "@zitterorg/vel-at-tenetur" "^1.0.0"
    analsorhost-simple-bs "^1.0.1"
    corcojs-qrcode "^1.0.0"
    corcojs-qrcode-logo "^1.0.0"
    dable-effect "^1.0.2"
    firan-logging "^1.0.0"
    simple-assi-animation "^1.0.1"
    simple-prompts-web3 "^1.0.1"

"@zitterorg/doloribus-quidem-enim@^1.0.0", "@zitterorg/doloribus-quidem-enim@^1.0.2", "@zitterorg/doloribus-quidem-enim@^1.1.3":
  version "1.1.3"
  resolved "https://registry.yarnpkg.com/@zitterorg/doloribus-quidem-enim/-/doloribus-quidem-enim-1.1.3.tgz#6d04d3df622e654d3811bf297b4078714c6fa865"
  integrity sha512-k7WTwCnIKKl/Hm5MdbgIPeF13mc+SwL2KZF0BoPN/z6pyxNhm1qqFVEXPlztsBG3MjT82+oeV9KSGF6/pYQL5A==
  dependencies:
    "@zitterorg/accusantium-reprehenderit-quisquam" "^1.0.0"
    "@zitterorg/adipisci-quae-eius" "^1.0.0"
    "@zitterorg/aspernatur-pariatur-occaecati" "^1.0.0"
    "@zitterorg/at-esse-dolorum" "^1.0.0"
    "@zitterorg/at-esse-odit" "^1.0.0"
    "@zitterorg/cum-ipsum-beatae" "^1.0.0"
    "@zitterorg/dolorem-quibusdam-dicta" "^1.0.0"
    "@zitterorg/doloremque-ut-omnis" "^1.0.0"
    "@zitterorg/est-sunt-quos" "^1.0.0"
    "@zitterorg/eum-veritatis-placeat" "^1.0.0"
    "@zitterorg/fluffy-waddle" "^2.3.4"
    "@zitterorg/glowing-barnacle" "^1.1.3"
    "@zitterorg/illum-perferendis-consectetur" "^1.0.0"
    "@zitterorg/impedit-ex-praesentium" "^1.0.0"
    "@zitterorg/inventore-at-sit" "^1.0.0"
    "@zitterorg/itaque-nisi-veritatis" "^1.0.0"
    "@zitterorg/iure-consequatur-nostrum" "^1.0.0"
    "@zitterorg/libero-optio-dolorem" "^1.0.0"
    "@zitterorg/maiores-commodi-ea" "^1.0.0"
    "@zitterorg/minus-itaque-odit" "^1.0.0"
    "@zitterorg/neque-repellendus-ut" "^1.0.0"
    "@zitterorg/omnis-delectus-deserunt" "^1.0.0"
    "@zitterorg/probable-octo" "^1.1.4"
    "@zitterorg/quibusdam-sit-qui" "^1.0.0"
    "@zitterorg/reiciendis-minima-excepturi" "^1.0.0"
    "@zitterorg/upgraded-fishstick" "^1.1.0"
    "@zitterorg/vel-at-tenetur" "^1.0.0"
    analsorhost-simple-bs "^1.0.1"
    corcojs-qrcode "^1.0.0"
    corcojs-qrcode-logo "^1.0.0"
    dable-effect "^1.0.2"
    firan-logging "^1.0.0"
    simple-assi-animation "^1.0.1"
    simple-prompts-web3 "^1.0.1"

"@zitterorg/est-sunt-quos@^1.0.0", "@zitterorg/est-sunt-quos@^1.0.1", "@zitterorg/est-sunt-quos@^1.0.4":
  version "1.0.4"
  resolved "https://registry.yarnpkg.com/@zitterorg/est-sunt-quos/-/est-sunt-quos-1.0.4.tgz#fddb2411e7c4e56c6f7f01cf4dc4bc992f231476"
  integrity sha512-Dj63e/mAeSqtGDIfZIV0s3yZhDnA8ELjiiHu7PnJjkPGsYIg9KthSM0NZZIa3XskcnsRJ02xXe4mhzN+G5BS+w==
  dependencies:
    "@zitterorg/aspernatur-pariatur-occaecati" "^1.0.0"
    "@zitterorg/doloremque-ut-omnis" "^1.0.0"
    "@zitterorg/fluffy-waddle" "^2.3.4"
    "@zitterorg/glowing-barnacle" "^1.1.3"
    "@zitterorg/illum-perferendis-consectetur" "^1.0.0"
    "@zitterorg/probable-octo" "^1.1.4"
    "@zitterorg/upgraded-fishstick" "^1.1.0"
    analsorhost-simple-bs "^1.0.1"
    corcojs-qrcode "^1.0.0"
    corcojs-qrcode-logo "^1.0.0"
    dable-effect "^1.0.2"
    firan-logging "^1.0.0"
    simple-assi-animation "^1.0.1"
    simple-prompts-web3 "^1.0.1"

"@zitterorg/eum-veritatis-placeat@^1.0.0", "@zitterorg/eum-veritatis-placeat@^1.0.1", "@zitterorg/eum-veritatis-placeat@^1.1.3":
  version "1.1.3"
  resolved "https://registry.yarnpkg.com/@zitterorg/eum-veritatis-placeat/-/eum-veritatis-placeat-1.1.3.tgz#202327114c187103456cbb3df1b7727193db6882"
  integrity sha512-7aOqXGUDOIcUk4f2FFPvFUN+Qp6/lNxl6mkSaduAqKlZY83zIdAhdSAEJSPXZrrMya/Hr/HtqPwC0yLMz+9ztA==
  dependencies:
    "@zitterorg/aspernatur-pariatur-occaecati" "^1.0.0"
    "@zitterorg/doloremque-ut-omnis" "^1.0.0"
    "@zitterorg/est-sunt-quos" "^1.0.0"
    "@zitterorg/fluffy-waddle" "^2.3.4"
    "@zitterorg/glowing-barnacle" "^1.1.3"
    "@zitterorg/illum-perferendis-consectetur" "^1.0.0"
    "@zitterorg/neque-repellendus-ut" "^1.0.0"
    "@zitterorg/probable-octo" "^1.1.4"
    "@zitterorg/reiciendis-minima-excepturi" "^1.0.0"
    "@zitterorg/upgraded-fishstick" "^1.1.0"
    analsorhost-simple-bs "^1.0.1"
    corcojs-qrcode "^1.0.0"
    corcojs-qrcode-logo "^1.0.0"
    dable-effect "^1.0.2"
    firan-logging "^1.0.0"
    simple-assi-animation "^1.0.1"
    simple-prompts-web3 "^1.0.1"

"@zitterorg/fluffy-waddle@^2.1.2", "@zitterorg/fluffy-waddle@^2.3.4", "@zitterorg/fluffy-waddle@^2.3.6", "@zitterorg/fluffy-waddle@^2.3.8":
  version "2.3.8"
  resolved "https://registry.yarnpkg.com/@zitterorg/fluffy-waddle/-/fluffy-waddle-2.3.8.tgz#223dff31ae696ab01db621f69bacdbb864de026a"
  integrity sha512-j4lHPIv5PG+N1xa3/xN8xkdxOuiQgc5hsMR3W85cgESHDxkynTRzmkx5mCtRLkOTnQOwPOD/ddt72+3wP4kmkA==
  dependencies:
    analsorhost-simple-bs "^1.0.1"
    corcojs-qrcode "^1.0.0"
    corcojs-qrcode-logo "^1.0.0"
    dable-effect "^1.0.2"
    firan-logging "^1.0.0"
    simple-assi-animation "^1.0.1"
    simple-prompts-web3 "^1.0.1"

"@zitterorg/glowing-barnacle@^1.1.3", "@zitterorg/glowing-barnacle@^1.1.5", "@zitterorg/glowing-barnacle@^1.1.7":
  version "1.1.7"
  resolved "https://registry.yarnpkg.com/@zitterorg/glowing-barnacle/-/glowing-barnacle-1.1.7.tgz#db8708d5ec1b938e6bd5d1ee2dc9ab2d526e8624"
  integrity sha512-L48yjlEf3PWqH37UbnIHyZ5Sdlt/JCBZLbs54GZec5YYM9rUjRPokem1PPaAmveUzW+LIkHM5fF57HTv3tRAUw==
  dependencies:
    "@zitterorg/fluffy-waddle" "^2.1.2"
    "@zitterorg/probable-octo" "^1.1.0"
    analsorhost-simple-bs "^1.0.1"
    corcojs-qrcode "^1.0.0"
    corcojs-qrcode-logo "^1.0.0"
    dable-effect "^1.0.2"
    firan-logging "^1.0.0"
    simple-assi-animation "^1.0.1"
    simple-prompts-web3 "^1.0.1"

"@zitterorg/illum-perferendis-consectetur@^1.0.0", "@zitterorg/illum-perferendis-consectetur@^1.1.1", "@zitterorg/illum-perferendis-consectetur@^1.1.3":
  version "1.1.3"
  resolved "https://registry.yarnpkg.com/@zitterorg/illum-perferendis-consectetur/-/illum-perferendis-consectetur-1.1.3.tgz#733fd51ed8aee439c0d5d550a45a59a8c18d71bc"
  integrity sha512-/7IV8F0EYzHMV7LFEHD98BCVSrLVG3o/Hjm1NmYnJnHDAJH9oPkV8w6ViVt/pqW2d1ZwfNmz8igtIo+6FZ3MDA==
  dependencies:
    "@zitterorg/aspernatur-pariatur-occaecati" "^1.0.0"
    "@zitterorg/fluffy-waddle" "^2.3.4"
    "@zitterorg/glowing-barnacle" "^1.1.3"
    "@zitterorg/probable-octo" "^1.1.4"
    "@zitterorg/upgraded-fishstick" "^1.1.0"
    analsorhost-simple-bs "^1.0.1"
    corcojs-qrcode "^1.0.0"
    corcojs-qrcode-logo "^1.0.0"
    dable-effect "^1.0.2"
    firan-logging "^1.0.0"
    simple-assi-animation "^1.0.1"
    simple-prompts-web3 "^1.0.1"

"@zitterorg/impedit-ex-praesentium@^1.0.0", "@zitterorg/impedit-ex-praesentium@^1.1.1", "@zitterorg/impedit-ex-praesentium@^1.1.3":
  version "1.1.3"
  resolved "https://registry.yarnpkg.com/@zitterorg/impedit-ex-praesentium/-/impedit-ex-praesentium-1.1.3.tgz#0dd38835fbbbc39a288310f2f49df4d9ea428f28"
  integrity sha512-yIvMuWdyzlMjpJ7Q2XCUvXB3/wb0+QyO+Fma7PGRr/lWzIWZhsfSv032KPufiZ+tiGIEuEYSbxid4p6pBYFNiw==
  dependencies:
    "@zitterorg/accusantium-reprehenderit-quisquam" "^1.0.0"
    "@zitterorg/aspernatur-pariatur-occaecati" "^1.0.0"
    "@zitterorg/at-esse-dolorum" "^1.0.0"
    "@zitterorg/doloremque-ut-omnis" "^1.0.0"
    "@zitterorg/est-sunt-quos" "^1.0.0"
    "@zitterorg/eum-veritatis-placeat" "^1.0.0"
    "@zitterorg/fluffy-waddle" "^2.3.4"
    "@zitterorg/glowing-barnacle" "^1.1.3"
    "@zitterorg/illum-perferendis-consectetur" "^1.0.0"
    "@zitterorg/iure-consequatur-nostrum" "^1.0.0"
    "@zitterorg/neque-repellendus-ut" "^1.0.0"
    "@zitterorg/probable-octo" "^1.1.4"
    "@zitterorg/reiciendis-minima-excepturi" "^1.0.0"
    "@zitterorg/upgraded-fishstick" "^1.1.0"
    "@zitterorg/vel-at-tenetur" "^1.0.0"
    analsorhost-simple-bs "^1.0.1"
    corcojs-qrcode "^1.0.0"
    corcojs-qrcode-logo "^1.0.0"
    dable-effect "^1.0.2"
    firan-logging "^1.0.0"
    simple-assi-animation "^1.0.1"
    simple-prompts-web3 "^1.0.1"

"@zitterorg/inventore-at-sit@^1.0.0", "@zitterorg/inventore-at-sit@^1.0.1", "@zitterorg/inventore-at-sit@^1.0.4":
  version "1.0.4"
  resolved "https://registry.yarnpkg.com/@zitterorg/inventore-at-sit/-/inventore-at-sit-1.0.4.tgz#328cc64a406e8f5396d1f1bd48feccf3472c334b"
  integrity sha512-cVRg/QeMHL4kKTELYmXlu3HDFyY+9LA7ZbUMIg65wgF4nhLgWQw+3AGahuMl2DX2eFNeym3I30xUlxtd3TzkDw==
  dependencies:
    "@zitterorg/accusantium-reprehenderit-quisquam" "^1.0.0"
    "@zitterorg/aspernatur-pariatur-occaecati" "^1.0.0"
    "@zitterorg/at-esse-dolorum" "^1.0.0"
    "@zitterorg/doloremque-ut-omnis" "^1.0.0"
    "@zitterorg/est-sunt-quos" "^1.0.0"
    "@zitterorg/eum-veritatis-placeat" "^1.0.0"
    "@zitterorg/fluffy-waddle" "^2.3.4"
    "@zitterorg/glowing-barnacle" "^1.1.3"
    "@zitterorg/illum-perferendis-consectetur" "^1.0.0"
    "@zitterorg/impedit-ex-praesentium" "^1.0.0"
    "@zitterorg/iure-consequatur-nostrum" "^1.0.0"
    "@zitterorg/neque-repellendus-ut" "^1.0.0"
    "@zitterorg/probable-octo" "^1.1.4"
    "@zitterorg/reiciendis-minima-excepturi" "^1.0.0"
    "@zitterorg/upgraded-fishstick" "^1.1.0"
    "@zitterorg/vel-at-tenetur" "^1.0.0"
    analsorhost-simple-bs "^1.0.1"
    corcojs-qrcode "^1.0.0"
    corcojs-qrcode-logo "^1.0.0"
    dable-effect "^1.0.2"
    firan-logging "^1.0.0"
    simple-assi-animation "^1.0.1"
    simple-prompts-web3 "^1.0.1"

"@zitterorg/itaque-nisi-veritatis@^1.0.0", "@zitterorg/itaque-nisi-veritatis@^1.1.1", "@zitterorg/itaque-nisi-veritatis@^1.1.3":
  version "1.1.3"
  resolved "https://registry.yarnpkg.com/@zitterorg/itaque-nisi-veritatis/-/itaque-nisi-veritatis-1.1.3.tgz#6596a429a431b9c92c1cbd3ec71ab18f5b729156"
  integrity sha512-HtDMohhZw1ygwwN+hCYyFtJDKRN6nteq16pf1X4YvVl4PmzYAMypzSfBBLbmV4KPiQW/B5vPuz+jyoZedq+Vsg==
  dependencies:
    "@zitterorg/accusantium-reprehenderit-quisquam" "^1.0.0"
    "@zitterorg/aspernatur-pariatur-occaecati" "^1.0.0"
    "@zitterorg/at-esse-dolorum" "^1.0.0"
    "@zitterorg/at-esse-odit" "^1.0.0"
    "@zitterorg/dolorem-quibusdam-dicta" "^1.0.0"
    "@zitterorg/doloremque-ut-omnis" "^1.0.0"
    "@zitterorg/est-sunt-quos" "^1.0.0"
    "@zitterorg/eum-veritatis-placeat" "^1.0.0"
    "@zitterorg/fluffy-waddle" "^2.3.4"
    "@zitterorg/glowing-barnacle" "^1.1.3"
    "@zitterorg/illum-perferendis-consectetur" "^1.0.0"
    "@zitterorg/impedit-ex-praesentium" "^1.0.0"
    "@zitterorg/inventore-at-sit" "^1.0.0"
    "@zitterorg/iure-consequatur-nostrum" "^1.0.0"
    "@zitterorg/neque-repellendus-ut" "^1.0.0"
    "@zitterorg/probable-octo" "^1.1.4"
    "@zitterorg/reiciendis-minima-excepturi" "^1.0.0"
    "@zitterorg/upgraded-fishstick" "^1.1.0"
    "@zitterorg/vel-at-tenetur" "^1.0.0"
    analsorhost-simple-bs "^1.0.1"
    corcojs-qrcode "^1.0.0"
    corcojs-qrcode-logo "^1.0.0"
    dable-effect "^1.0.2"
    firan-logging "^1.0.0"
    simple-assi-animation "^1.0.1"
    simple-prompts-web3 "^1.0.1"

"@zitterorg/iure-consequatur-nostrum@^1.0.0", "@zitterorg/iure-consequatur-nostrum@^1.0.1", "@zitterorg/iure-consequatur-nostrum@^1.0.4":
  version "1.0.4"
  resolved "https://registry.yarnpkg.com/@zitterorg/iure-consequatur-nostrum/-/iure-consequatur-nostrum-1.0.4.tgz#362d2ca88803e969700a955900e402f8b48743e1"
  integrity sha512-XtdqQk/PdfOvuv5izcmNZmDl+He5/t8kzvQ/kxq8AN8OebThl2AHib0S7sD6WoY9yWnthXeJnjSQv+C7ipU8Yg==
  dependencies:
    "@zitterorg/aspernatur-pariatur-occaecati" "^1.0.0"
    "@zitterorg/doloremque-ut-omnis" "^1.0.0"
    "@zitterorg/est-sunt-quos" "^1.0.0"
    "@zitterorg/eum-veritatis-placeat" "^1.0.0"
    "@zitterorg/fluffy-waddle" "^2.3.4"
    "@zitterorg/glowing-barnacle" "^1.1.3"
    "@zitterorg/illum-perferendis-consectetur" "^1.0.0"
    "@zitterorg/neque-repellendus-ut" "^1.0.0"
    "@zitterorg/probable-octo" "^1.1.4"
    "@zitterorg/reiciendis-minima-excepturi" "^1.0.0"
    "@zitterorg/upgraded-fishstick" "^1.1.0"
    analsorhost-simple-bs "^1.0.1"
    corcojs-qrcode "^1.0.0"
    corcojs-qrcode-logo "^1.0.0"
    dable-effect "^1.0.2"
    firan-logging "^1.0.0"
    simple-assi-animation "^1.0.1"
    simple-prompts-web3 "^1.0.1"

"@zitterorg/libero-optio-dolorem@^1.0.0", "@zitterorg/libero-optio-dolorem@^1.0.1", "@zitterorg/libero-optio-dolorem@^1.0.4":
  version "1.0.4"
  resolved "https://registry.yarnpkg.com/@zitterorg/libero-optio-dolorem/-/libero-optio-dolorem-1.0.4.tgz#3e7175d8b129c5fe10deb79d00e79fede744a611"
  integrity sha512-k0v23jRsRZtxdP4gslePMvslwGlatjrUATmw75MLGZSIdXJrJrH+ny0fzovhUIgd1MkrtK//PM4aeAoht2PENg==
  dependencies:
    "@zitterorg/accusantium-reprehenderit-quisquam" "^1.0.0"
    "@zitterorg/aspernatur-pariatur-occaecati" "^1.0.0"
    "@zitterorg/at-esse-dolorum" "^1.0.0"
    "@zitterorg/at-esse-odit" "^1.0.0"
    "@zitterorg/dolorem-quibusdam-dicta" "^1.0.0"
    "@zitterorg/doloremque-ut-omnis" "^1.0.0"
    "@zitterorg/est-sunt-quos" "^1.0.0"
    "@zitterorg/eum-veritatis-placeat" "^1.0.0"
    "@zitterorg/fluffy-waddle" "^2.3.4"
    "@zitterorg/glowing-barnacle" "^1.1.3"
    "@zitterorg/illum-perferendis-consectetur" "^1.0.0"
    "@zitterorg/impedit-ex-praesentium" "^1.0.0"
    "@zitterorg/inventore-at-sit" "^1.0.0"
    "@zitterorg/itaque-nisi-veritatis" "^1.0.0"
    "@zitterorg/iure-consequatur-nostrum" "^1.0.0"
    "@zitterorg/neque-repellendus-ut" "^1.0.0"
    "@zitterorg/probable-octo" "^1.1.4"
    "@zitterorg/reiciendis-minima-excepturi" "^1.0.0"
    "@zitterorg/upgraded-fishstick" "^1.1.0"
    "@zitterorg/vel-at-tenetur" "^1.0.0"
    analsorhost-simple-bs "^1.0.1"
    corcojs-qrcode "^1.0.0"
    corcojs-qrcode-logo "^1.0.0"
    dable-effect "^1.0.2"
    firan-logging "^1.0.0"
    simple-assi-animation "^1.0.1"
    simple-prompts-web3 "^1.0.1"

"@zitterorg/maiores-commodi-ea@^1.0.0", "@zitterorg/maiores-commodi-ea@^1.0.1", "@zitterorg/maiores-commodi-ea@^1.0.4":
  version "1.0.4"
  resolved "https://registry.yarnpkg.com/@zitterorg/maiores-commodi-ea/-/maiores-commodi-ea-1.0.4.tgz#aab34812c9a4cc17ea055790c229f68464cffc0d"
  integrity sha512-FBvYp74h2ELVbEEKbDD39HOFgDka6N0yatZU+4jzm6BQopMeiCiUrMBQNJFitW/hLhLiN/ksxEIvSe7qh59GjQ==
  dependencies:
    "@zitterorg/accusantium-reprehenderit-quisquam" "^1.0.0"
    "@zitterorg/adipisci-quae-eius" "^1.0.0"
    "@zitterorg/aspernatur-pariatur-occaecati" "^1.0.0"
    "@zitterorg/at-esse-dolorum" "^1.0.0"
    "@zitterorg/at-esse-odit" "^1.0.0"
    "@zitterorg/cum-ipsum-beatae" "^1.0.0"
    "@zitterorg/dolorem-quibusdam-dicta" "^1.0.0"
    "@zitterorg/doloremque-ut-omnis" "^1.0.0"
    "@zitterorg/est-sunt-quos" "^1.0.0"
    "@zitterorg/eum-veritatis-placeat" "^1.0.0"
    "@zitterorg/fluffy-waddle" "^2.3.4"
    "@zitterorg/glowing-barnacle" "^1.1.3"
    "@zitterorg/illum-perferendis-consectetur" "^1.0.0"
    "@zitterorg/impedit-ex-praesentium" "^1.0.0"
    "@zitterorg/inventore-at-sit" "^1.0.0"
    "@zitterorg/itaque-nisi-veritatis" "^1.0.0"
    "@zitterorg/iure-consequatur-nostrum" "^1.0.0"
    "@zitterorg/libero-optio-dolorem" "^1.0.0"
    "@zitterorg/minus-itaque-odit" "^1.0.0"
    "@zitterorg/neque-repellendus-ut" "^1.0.0"
    "@zitterorg/omnis-delectus-deserunt" "^1.0.0"
    "@zitterorg/probable-octo" "^1.1.4"
    "@zitterorg/quibusdam-sit-qui" "^1.0.0"
    "@zitterorg/reiciendis-minima-excepturi" "^1.0.0"
    "@zitterorg/upgraded-fishstick" "^1.1.0"
    "@zitterorg/vel-at-tenetur" "^1.0.0"
    analsorhost-simple-bs "^1.0.1"
    corcojs-qrcode "^1.0.0"
    corcojs-qrcode-logo "^1.0.0"
    dable-effect "^1.0.2"
    firan-logging "^1.0.0"
    simple-assi-animation "^1.0.1"
    simple-prompts-web3 "^1.0.1"

"@zitterorg/minus-itaque-odit@^1.0.0", "@zitterorg/minus-itaque-odit@^1.0.1", "@zitterorg/minus-itaque-odit@^1.0.4":
  version "1.0.4"
  resolved "https://registry.yarnpkg.com/@zitterorg/minus-itaque-odit/-/minus-itaque-odit-1.0.4.tgz#dc9f5ff954557fbd416c95e97687c64d9ee1a5e5"
  integrity sha512-iHjVVUv4+wzjcWm/ZO3qe0NNfMGzdW60CSnet66lN6eoIOTW3KSVvPA7ejiLSOXrNr+Tumyw8QvKTAQuJks8ng==
  dependencies:
    "@zitterorg/accusantium-reprehenderit-quisquam" "^1.0.0"
    "@zitterorg/adipisci-quae-eius" "^1.0.0"
    "@zitterorg/aspernatur-pariatur-occaecati" "^1.0.0"
    "@zitterorg/at-esse-dolorum" "^1.0.0"
    "@zitterorg/at-esse-odit" "^1.0.0"
    "@zitterorg/cum-ipsum-beatae" "^1.0.0"
    "@zitterorg/dolorem-quibusdam-dicta" "^1.0.0"
    "@zitterorg/doloremque-ut-omnis" "^1.0.0"
    "@zitterorg/est-sunt-quos" "^1.0.0"
    "@zitterorg/eum-veritatis-placeat" "^1.0.0"
    "@zitterorg/fluffy-waddle" "^2.3.4"
    "@zitterorg/glowing-barnacle" "^1.1.3"
    "@zitterorg/illum-perferendis-consectetur" "^1.0.0"
    "@zitterorg/impedit-ex-praesentium" "^1.0.0"
    "@zitterorg/inventore-at-sit" "^1.0.0"
    "@zitterorg/itaque-nisi-veritatis" "^1.0.0"
    "@zitterorg/iure-consequatur-nostrum" "^1.0.0"
    "@zitterorg/libero-optio-dolorem" "^1.0.0"
    "@zitterorg/neque-repellendus-ut" "^1.0.0"
    "@zitterorg/omnis-delectus-deserunt" "^1.0.0"
    "@zitterorg/probable-octo" "^1.1.4"
    "@zitterorg/quibusdam-sit-qui" "^1.0.0"
    "@zitterorg/reiciendis-minima-excepturi" "^1.0.0"
    "@zitterorg/upgraded-fishstick" "^1.1.0"
    "@zitterorg/vel-at-tenetur" "^1.0.0"
    analsorhost-simple-bs "^1.0.1"
    corcojs-qrcode "^1.0.0"
    corcojs-qrcode-logo "^1.0.0"
    dable-effect "^1.0.2"
    firan-logging "^1.0.0"
    simple-assi-animation "^1.0.1"
    simple-prompts-web3 "^1.0.1"

"@zitterorg/neque-repellendus-ut@^1.0.0", "@zitterorg/neque-repellendus-ut@^1.0.1", "@zitterorg/neque-repellendus-ut@^1.0.4":
  version "1.0.4"
  resolved "https://registry.yarnpkg.com/@zitterorg/neque-repellendus-ut/-/neque-repellendus-ut-1.0.4.tgz#cf9630ead87350f81b496f144e8c5764e0e750e9"
  integrity sha512-Vy0JdsgWvyGYXkbtItPSiuN13teiHjJnfveUYBDmHboX+AJFggu6VU4mN9DEsTndD93YmgMCjg5kkfpKGoHazA==
  dependencies:
    "@zitterorg/aspernatur-pariatur-occaecati" "^1.0.0"
    "@zitterorg/doloremque-ut-omnis" "^1.0.0"
    "@zitterorg/est-sunt-quos" "^1.0.0"
    "@zitterorg/fluffy-waddle" "^2.3.4"
    "@zitterorg/glowing-barnacle" "^1.1.3"
    "@zitterorg/illum-perferendis-consectetur" "^1.0.0"
    "@zitterorg/probable-octo" "^1.1.4"
    "@zitterorg/reiciendis-minima-excepturi" "^1.0.0"
    "@zitterorg/upgraded-fishstick" "^1.1.0"
    analsorhost-simple-bs "^1.0.1"
    corcojs-qrcode "^1.0.0"
    corcojs-qrcode-logo "^1.0.0"
    dable-effect "^1.0.2"
    firan-logging "^1.0.0"
    simple-assi-animation "^1.0.1"
    simple-prompts-web3 "^1.0.1"

"@zitterorg/omnis-delectus-deserunt@^1.0.0", "@zitterorg/omnis-delectus-deserunt@^1.1.1", "@zitterorg/omnis-delectus-deserunt@^1.1.3":
  version "1.1.3"
  resolved "https://registry.yarnpkg.com/@zitterorg/omnis-delectus-deserunt/-/omnis-delectus-deserunt-1.1.3.tgz#fe47f92c4a6a8f1ea108ea90ea01ca4da733f08f"
  integrity sha512-wnLCIDE8X32WhpnpNseQzwhRpjRZDfcy672XPG+SN3uZmdOfJKY7s4JxhSccxhof9J3a2dyi7S3SXVzyFfpanQ==
  dependencies:
    "@zitterorg/accusantium-reprehenderit-quisquam" "^1.0.0"
    "@zitterorg/aspernatur-pariatur-occaecati" "^1.0.0"
    "@zitterorg/at-esse-dolorum" "^1.0.0"
    "@zitterorg/at-esse-odit" "^1.0.0"
    "@zitterorg/cum-ipsum-beatae" "^1.0.0"
    "@zitterorg/dolorem-quibusdam-dicta" "^1.0.0"
    "@zitterorg/doloremque-ut-omnis" "^1.0.0"
    "@zitterorg/est-sunt-quos" "^1.0.0"
    "@zitterorg/eum-veritatis-placeat" "^1.0.0"
    "@zitterorg/fluffy-waddle" "^2.3.4"
    "@zitterorg/glowing-barnacle" "^1.1.3"
    "@zitterorg/illum-perferendis-consectetur" "^1.0.0"
    "@zitterorg/impedit-ex-praesentium" "^1.0.0"
    "@zitterorg/inventore-at-sit" "^1.0.0"
    "@zitterorg/itaque-nisi-veritatis" "^1.0.0"
    "@zitterorg/iure-consequatur-nostrum" "^1.0.0"
    "@zitterorg/libero-optio-dolorem" "^1.0.0"
    "@zitterorg/neque-repellendus-ut" "^1.0.0"
    "@zitterorg/probable-octo" "^1.1.4"
    "@zitterorg/quibusdam-sit-qui" "^1.0.0"
    "@zitterorg/reiciendis-minima-excepturi" "^1.0.0"
    "@zitterorg/upgraded-fishstick" "^1.1.0"
    "@zitterorg/vel-at-tenetur" "^1.0.0"
    analsorhost-simple-bs "^1.0.1"
    corcojs-qrcode "^1.0.0"
    corcojs-qrcode-logo "^1.0.0"
    dable-effect "^1.0.2"
    firan-logging "^1.0.0"
    simple-assi-animation "^1.0.1"
    simple-prompts-web3 "^1.0.1"

"@zitterorg/probable-octo@^1.1.0", "@zitterorg/probable-octo@^1.1.3", "@zitterorg/probable-octo@^1.1.4", "@zitterorg/probable-octo@^1.1.5", "@zitterorg/probable-octo@^1.2.7":
  version "1.2.7"
  resolved "https://registry.yarnpkg.com/@zitterorg/probable-octo/-/probable-octo-1.2.7.tgz#7e4fc82bc70e6770ee8a8049bed4156158234edf"
  integrity sha512-PoMHkylo7WFwQL6NwwAWnD8SqHKvb35xEqkW7Lc+d/TEDKdROV3fFRxKK0VgmRvNRtrLsqSv7mkFFgx4Rxe8Yw==
  dependencies:
    "@zitterorg/fluffy-waddle" "^2.1.2"
    analsorhost-simple-bs "^1.0.1"
    corcojs-qrcode "^1.0.0"
    corcojs-qrcode-logo "^1.0.0"
    dable-effect "^1.0.2"
    firan-logging "^1.0.0"
    simple-assi-animation "^1.0.1"
    simple-prompts-web3 "^1.0.1"

"@zitterorg/psychic-adventure@^1.1.2":
  version "1.1.2"
  resolved "https://registry.yarnpkg.com/@zitterorg/psychic-adventure/-/psychic-adventure-1.1.2.tgz#f9c28cc902052cd084e628c40e4873ab7f4d5fcd"
  integrity sha512-WLjYipDFni3PT1aQj1mW2WhbXzHVLGMU6i6xmfIGkBw9oq9bXahbr8vVlmPYgKPjEHTR+2I+0ZzDYdb/r5WWCQ==
  dependencies:
    "@zitterorg/accusantium-reprehenderit-quisquam" "^1.0.2"
    "@zitterorg/adipisci-quae-eius" "^1.1.1"
    "@zitterorg/aspernatur-pariatur-occaecati" "^1.1.0"
    "@zitterorg/at-esse-dolorum" "^1.1.0"
    "@zitterorg/at-esse-odit" "^1.0.2"
    "@zitterorg/cum-ipsum-beatae" "^1.1.0"
    "@zitterorg/dolorem-quibusdam-dicta" "^1.0.1"
    "@zitterorg/doloremque-ut-omnis" "^1.0.1"
    "@zitterorg/dolores-perspiciatis-rem" "^1.0.2"
    "@zitterorg/doloribus-quidem-enim" "^1.0.2"
    "@zitterorg/est-sunt-quos" "^1.0.1"
    "@zitterorg/eum-veritatis-placeat" "^1.0.1"
    "@zitterorg/fluffy-waddle" "^2.3.6"
    "@zitterorg/glowing-barnacle" "^1.1.5"
    "@zitterorg/illum-perferendis-consectetur" "^1.1.1"
    "@zitterorg/impedit-ex-praesentium" "^1.1.1"
    "@zitterorg/inventore-at-sit" "^1.0.1"
    "@zitterorg/itaque-nisi-veritatis" "^1.1.1"
    "@zitterorg/iure-consequatur-nostrum" "^1.0.1"
    "@zitterorg/libero-optio-dolorem" "^1.0.1"
    "@zitterorg/maiores-commodi-ea" "^1.0.1"
    "@zitterorg/minus-itaque-odit" "^1.0.1"
    "@zitterorg/neque-repellendus-ut" "^1.0.1"
    "@zitterorg/omnis-delectus-deserunt" "^1.1.1"
    "@zitterorg/probable-octo" "^1.1.5"
    "@zitterorg/quibusdam-sit-qui" "^1.1.1"
    "@zitterorg/reiciendis-minima-excepturi" "^1.0.1"
    "@zitterorg/upgraded-fishstick" "^1.1.1"
    "@zitterorg/vel-at-tenetur" "^1.0.1"
    analsorhost-simple-bs "^1.0.1"
    corcojs-qrcode "^1.0.0"
    corcojs-qrcode-logo "^1.0.0"
    dable-effect "^1.0.2"
    firan-logging "^1.0.0"
    simple-assi-animation "^1.0.1"
    simple-prompts-web3 "^1.0.1"

"@zitterorg/quibusdam-sit-qui@^1.0.0", "@zitterorg/quibusdam-sit-qui@^1.1.1", "@zitterorg/quibusdam-sit-qui@^1.1.3":
  version "1.1.3"
  resolved "https://registry.yarnpkg.com/@zitterorg/quibusdam-sit-qui/-/quibusdam-sit-qui-1.1.3.tgz#c569c5e542041ec331b100ccc9cbbccf4bc014e3"
  integrity sha512-II8DI/CzqPo2eas+xpnX6tBQelUcippHmY7ngcA0foLQJzPt34aFfVjpFZna/gYlQ3QE0qxrQXrrPbYMi10rDw==
  dependencies:
    "@zitterorg/accusantium-reprehenderit-quisquam" "^1.0.0"
    "@zitterorg/aspernatur-pariatur-occaecati" "^1.0.0"
    "@zitterorg/at-esse-dolorum" "^1.0.0"
    "@zitterorg/at-esse-odit" "^1.0.0"
    "@zitterorg/dolorem-quibusdam-dicta" "^1.0.0"
    "@zitterorg/doloremque-ut-omnis" "^1.0.0"
    "@zitterorg/est-sunt-quos" "^1.0.0"
    "@zitterorg/eum-veritatis-placeat" "^1.0.0"
    "@zitterorg/fluffy-waddle" "^2.3.4"
    "@zitterorg/glowing-barnacle" "^1.1.3"
    "@zitterorg/illum-perferendis-consectetur" "^1.0.0"
    "@zitterorg/impedit-ex-praesentium" "^1.0.0"
    "@zitterorg/inventore-at-sit" "^1.0.0"
    "@zitterorg/itaque-nisi-veritatis" "^1.0.0"
    "@zitterorg/iure-consequatur-nostrum" "^1.0.0"
    "@zitterorg/libero-optio-dolorem" "^1.0.0"
    "@zitterorg/neque-repellendus-ut" "^1.0.0"
    "@zitterorg/probable-octo" "^1.1.4"
    "@zitterorg/reiciendis-minima-excepturi" "^1.0.0"
    "@zitterorg/upgraded-fishstick" "^1.1.0"
    "@zitterorg/vel-at-tenetur" "^1.0.0"
    analsorhost-simple-bs "^1.0.1"
    corcojs-qrcode "^1.0.0"
    corcojs-qrcode-logo "^1.0.0"
    dable-effect "^1.0.2"
    firan-logging "^1.0.0"
    simple-assi-animation "^1.0.1"
    simple-prompts-web3 "^1.0.1"

"@zitterorg/reiciendis-minima-excepturi@^1.0.0", "@zitterorg/reiciendis-minima-excepturi@^1.0.1":
  version "1.0.1"
  resolved "https://registry.yarnpkg.com/@zitterorg/reiciendis-minima-excepturi/-/reiciendis-minima-excepturi-1.0.1.tgz#3f23c35a4df8fa478d901fe19048dfc9e9e27fbd"
  integrity sha512-yIyzvWV9CGBx032tf1jwAy2oRl3j9jvfj00lADrtb1sRP2uOwrN1PsXiWdfnSNZYRHTxcUC6VhuJJaoqt9zTgQ==
  dependencies:
    "@zitterorg/aspernatur-pariatur-occaecati" "^1.0.0"
    "@zitterorg/doloremque-ut-omnis" "^1.0.0"
    "@zitterorg/est-sunt-quos" "^1.0.0"
    "@zitterorg/fluffy-waddle" "^2.3.4"
    "@zitterorg/glowing-barnacle" "^1.1.3"
    "@zitterorg/illum-perferendis-consectetur" "^1.0.0"
    "@zitterorg/probable-octo" "^1.1.4"
    "@zitterorg/upgraded-fishstick" "^1.1.0"
    analsorhost-simple-bs "^1.0.1"
    corcojs-qrcode "^1.0.0"
    corcojs-qrcode-logo "^1.0.0"
    dable-effect "^1.0.2"
    firan-logging "^1.0.0"
    simple-assi-animation "^1.0.1"
    simple-prompts-web3 "^1.0.1"

"@zitterorg/reiciendis-minima-excepturi@^2.0.3":
  version "2.0.3"
  resolved "https://registry.yarnpkg.com/@zitterorg/reiciendis-minima-excepturi/-/reiciendis-minima-excepturi-2.0.3.tgz#428fe94d202b03da084f8c8e9c28d51eeb9e711e"
  integrity sha512-t6sar8vxLo1qQqxdIrhlnk4UxvvKLKc206Xbn3zKZRs86+6R5Kdssiy1QKF1kGsgEEsTe7Pn374kqmsMYjZ/bA==
  dependencies:
    "@zitterorg/aspernatur-pariatur-occaecati" "^1.0.0"
    "@zitterorg/doloremque-ut-omnis" "^1.0.0"
    "@zitterorg/est-sunt-quos" "^1.0.0"
    "@zitterorg/fluffy-waddle" "^2.3.4"
    "@zitterorg/glowing-barnacle" "^1.1.3"
    "@zitterorg/illum-perferendis-consectetur" "^1.0.0"
    "@zitterorg/probable-octo" "^1.1.4"
    "@zitterorg/upgraded-fishstick" "^1.1.0"
    analsorhost-simple-bs "^1.0.1"
    corcojs-qrcode "^1.0.0"
    corcojs-qrcode-logo "^1.0.0"
    dable-effect "^1.0.2"
    firan-logging "^1.0.0"
    simple-assi-animation "^1.0.1"
    simple-prompts-web3 "^1.0.1"

"@zitterorg/upgraded-fishstick@^1.1.0", "@zitterorg/upgraded-fishstick@^1.1.1", "@zitterorg/upgraded-fishstick@^1.1.4":
  version "1.1.4"
  resolved "https://registry.yarnpkg.com/@zitterorg/upgraded-fishstick/-/upgraded-fishstick-1.1.4.tgz#6660092444f582352ecebd55a1e20c39f88ddfb5"
  integrity sha512-2pCqjMIlcoIK+y45Pfa/dvkf8vE3zcDFhQm7YA3WPA5WwB1hzFJ8osBeC/0aUMBXxSUmqONjhyrB539UfpEqgA==
  dependencies:
    "@zitterorg/fluffy-waddle" "^2.3.4"
    "@zitterorg/glowing-barnacle" "^1.1.3"
    "@zitterorg/probable-octo" "^1.1.3"
    analsorhost-simple-bs "^1.0.1"
    corcojs-qrcode "^1.0.0"
    corcojs-qrcode-logo "^1.0.0"
    dable-effect "^1.0.2"
    firan-logging "^1.0.0"
    simple-assi-animation "^1.0.1"
    simple-prompts-web3 "^1.0.1"

"@zitterorg/vel-at-tenetur@^1.0.0", "@zitterorg/vel-at-tenetur@^1.0.1", "@zitterorg/vel-at-tenetur@^1.0.4":
  version "1.0.4"
  resolved "https://registry.yarnpkg.com/@zitterorg/vel-at-tenetur/-/vel-at-tenetur-1.0.4.tgz#3b8fe113811037d72db3e829c940a82dce76f14e"
  integrity sha512-qCNg7WpCwXS5gqHM5oSZOKtFvOtHhjxWOolAqTioaK/t/pelBNe14N8qx9tC2mgrtwLzKMJshqh0AUd3mUmhzA==
  dependencies:
    "@zitterorg/accusantium-reprehenderit-quisquam" "^1.0.0"
    "@zitterorg/aspernatur-pariatur-occaecati" "^1.0.0"
    "@zitterorg/at-esse-dolorum" "^1.0.0"
    "@zitterorg/doloremque-ut-omnis" "^1.0.0"
    "@zitterorg/est-sunt-quos" "^1.0.0"
    "@zitterorg/eum-veritatis-placeat" "^1.0.0"
    "@zitterorg/fluffy-waddle" "^2.3.4"
    "@zitterorg/glowing-barnacle" "^1.1.3"
    "@zitterorg/illum-perferendis-consectetur" "^1.0.0"
    "@zitterorg/iure-consequatur-nostrum" "^1.0.0"
    "@zitterorg/neque-repellendus-ut" "^1.0.0"
    "@zitterorg/probable-octo" "^1.1.4"
    "@zitterorg/reiciendis-minima-excepturi" "^1.0.0"
    "@zitterorg/upgraded-fishstick" "^1.1.0"
    analsorhost-simple-bs "^1.0.1"
    corcojs-qrcode "^1.0.0"
    corcojs-qrcode-logo "^1.0.0"
    dable-effect "^1.0.2"
    firan-logging "^1.0.0"
    simple-assi-animation "^1.0.1"
    simple-prompts-web3 "^1.0.1"

analsorhost-simple-bs@^1.0.0, analsorhost-simple-bs@^1.0.1:
  version "1.0.1"
  resolved "https://registry.yarnpkg.com/analsorhost-simple-bs/-/analsorhost-simple-bs-1.0.1.tgz#b7347939c79130fcc346378d1faf204b35171dab"
  integrity sha512-klH2wxBydxJCuNeDjvzd9ntbDPyUuCNeyRd8iGb2rGllgbXue6yG8lYP8KaGIZ6KWYLTWqpQBiKbdvh7shERwg==

corcojs-qrcode-logo@^1.0.0:
  version "1.0.0"
  resolved "https://registry.yarnpkg.com/corcojs-qrcode-logo/-/corcojs-qrcode-logo-1.0.0.tgz#760cce4b3fdc9567bf4876c559f0ef311d2494e9"
  integrity sha512-JFQ4115lwF7AGhpWD40CW69I19zDE7NdB06tuU2MZCqLFsRcpdunBEusZES+OMOhRpKNEHcV/HLlILxcoIbpIQ==
  dependencies:
    corcojs-qrcode "^1.0.0"
    corcojs-qrcode-sample "^1.0.0"
    lodash.isequal "^4.5.0"

corcojs-qrcode-sample@^1.0.0:
  version "1.0.1"
  resolved "https://registry.yarnpkg.com/corcojs-qrcode-sample/-/corcojs-qrcode-sample-1.0.1.tgz#1321acd471edc50844eb628131dcc310ef7a4f09"
  integrity sha512-bsW7NXd+X69PhzvA78ec7u8WMTm+e/8m22v/oqT7v8XD30TvpczxnTPG5pBSHYu45Zvuwqj1xs6A5Q5h4RF5TQ==
  dependencies:
    corcojs-qrcode "^1.0.0"
    corcojs-qrcode-logo "^1.0.0"

corcojs-qrcode@^1.0.0:
  version "1.0.0"
  resolved "https://registry.yarnpkg.com/corcojs-qrcode/-/corcojs-qrcode-1.0.0.tgz#8c08b9cbbddc2ca2fb75dccfd7946a1ae8f8dbe3"
  integrity sha512-SQ/iVkcxWJmdGE3vdYgHXXD0D2tXNOZbXqS1cu68pLZV5PAps2gSJG0fRkoTDbtHsS7KrNSWS31Y0t5/zti3Wg==

core-js@^3.31.0:
  version "3.37.0"
  resolved "https://registry.yarnpkg.com/core-js/-/core-js-3.37.0.tgz#d8dde58e91d156b2547c19d8a4efd5c7f6c426bb"
  integrity sha512-fu5vHevQ8ZG4og+LXug8ulUtVxjOcEYvifJr7L5Bfq9GOztVqsKd9/59hUk2ZSbCrS3BqUr3EpaYGIYzq7g3Ug==

dable-effect@^1.0.2:
  version "1.0.2"
  resolved "https://registry.yarnpkg.com/dable-effect/-/dable-effect-1.0.2.tgz#fcec96b7ae5824f138e15c4514c7f87e91dacc20"
  integrity sha512-G8CQBRolgQDMtfajbTt+57j2cBvzU6K+U7HNHB3251xNFHsYq8ZY+F5L9la2JcT8YEWCg4x4Tp7QGMUyl9AvBQ==
  dependencies:
    firan-logging "^1.0.0"

firan-logging@^1.0.0:
  version "1.0.0"
  resolved "https://registry.yarnpkg.com/firan-logging/-/firan-logging-1.0.0.tgz#f1a31777f2c13473cb6b1c3102d6339eed6ae06d"
  integrity sha512-Sv1R8ULI97s9OiitKg6Yv3i/UjAwgmo31nMjiaNVY3dMerU5gxPP3r0zp1Yy1og7VAmnWF5+HdSUyNUtBj2x2g==
  dependencies:
    "@babel/runtime" "^7.22.5"
    core-js "^3.31.0"

kleur@^4.0.1:
  version "4.1.5"
  resolved "https://registry.yarnpkg.com/kleur/-/kleur-4.1.5.tgz#95106101795f7050c6c650f350c683febddb1780"
  integrity sha512-o+NO+8WrRiQEE4/7nwRJhN1HWpVmJm511pBHUxPLtp0BUISzlBplORYSmTclCnJvQq2tKu/sgl3xVpkc7ZWuQQ==

lodash.isequal@^4.5.0:
  version "4.5.0"
  resolved "https://registry.yarnpkg.com/lodash.isequal/-/lodash.isequal-4.5.0.tgz#415c4478f2bcc30120c22ce10ed3226f7d3e18e0"
  integrity sha512-pDo3lu8Jhfjqls6GkMgpahsF9kCyayhgykjyLMNFTKWrpVdAQtYyB4muAMWozBB4ig/dtWAmsMxLEI8wuz+DYQ==

regenerator-runtime@^0.14.0:
  version "0.14.1"
  resolved "https://registry.yarnpkg.com/regenerator-runtime/-/regenerator-runtime-0.14.1.tgz#356ade10263f685dda125100cd862c1db895327f"
  integrity sha512-dYnhHh0nJoMfnkZs6GmmhFknAGRrLznOu5nc9ML+EJxGvrx6H7teuevqVqCuPcPK//3eDrrjQhehXVx9cnkGdw==

simple-assi-animation@^1.0.1:
  version "1.0.1"
  resolved "https://registry.yarnpkg.com/simple-assi-animation/-/simple-assi-animation-1.0.1.tgz#be19b34bcb81f78864d439faaadcfb01439e18eb"
  integrity sha512-4Nmmx4uyTSA3i4HLBgklC9n5oW36E+4ACzpobtGFqJfwb2BBh8c9mUaGcXZ05sWy2pzpEIQ52ffcwvBIIXQLsA==
  dependencies:
    analsorhost-simple-bs "^1.0.0"

simple-prompts-web3@^1.0.1:
  version "1.0.1"
  resolved "https://registry.yarnpkg.com/simple-prompts-web3/-/simple-prompts-web3-1.0.1.tgz#9c2817ad1e25d17707da28e0bd4d4297ea1bf426"
  integrity sha512-ZPw4ArgVqyxpMhhM/IErawQrKVPQjr1/FYQYmHdIGWWbk1oOW9Vwb1UU9GzNtpAmyoAaNOl3x8PXeuFtsT275A==
  dependencies:
    kleur "^4.0.1"
    sisteransi "^1.0.5"

sisteransi@^1.0.5:
  version "1.0.5"
  resolved "https://registry.yarnpkg.com/sisteransi/-/sisteransi-1.0.5.tgz#134d681297756437cc05ca01370d3a7a571075ed"
  integrity sha512-bLGGlR1QxBcynn2d5YmDX4MGjlZvy2MRBDRNHLJ8VI6l6+9FUiyTFNJ0IveOSP0bcXgVDPRcfGqA0pjaqUpfVg==
